
Microsoft Visual Studio Solution File, Format Version 12.00
# Visual Studio Version 16
VisualStudioVersion = 16.0.31911.196
MinimumVisualStudioVersion = 10.0.40219.1
Project("{FAE04EC0-301F-11D3-BF4B-00C04F79EFBC}") = "task_11", "task_11\task_11.csproj", "{E0478AAE-9274-441D-A08E-93271A4304CE}"
EndProject
Global
	GlobalSection(SolutionConfigurationPlatforms) = preSolution
		Debug|Any CPU = Debug|Any CPU
		Release|Any CPU = Release|Any CPU
	EndGlobalSection
	GlobalSection(ProjectConfigurationPlatforms) = postSolution
		{E0478AAE-9274-441D-A08E-93271A4304CE}.Debug|Any CPU.ActiveCfg = Debug|Any CPU
		{E0478AAE-9274-441D-A08E-93271A4304CE}.Debug|Any CPU.Build.0 = Debug|Any CPU
		{E0478AAE-9274-441D-A08E-93271A4304CE}.Release|Any CPU.ActiveCfg = Release|Any CPU
		{E0478AAE-9274-441D-A08E-93271A4304CE}.Release|Any CPU.Build.0 = Release|Any CPU
	EndGlobalSection
	GlobalSection(SolutionProperties) = preSolution
		HideSolutionNode = FALSE
	EndGlobalSection
	GlobalSection(ExtensibilityGlobals) = postSolution
		SolutionGuid = {CB150B6C-5C4C-4C58-9F68-97B472A35FD0}
	EndGlobalSection
EndGlobal
